
Microsoft Visual Studio Solution File, Format Version 12.00
# Visual Studio Version 17
VisualStudioVersion = 17.3.32922.545
MinimumVisualStudioVersion = 10.0.40219.1
Project("{FAE04EC0-301F-11D3-BF4B-00C04F79EFBC}") = "пр.11", "пр.11\пр.11.csproj", "{06BFFE4D-63FE-4845-8098-F42B56E13772}"
EndProject
Global
	GlobalSection(SolutionConfigurationPlatforms) = preSolution
		Debug|Any CPU = Debug|Any CPU
		Release|Any CPU = Release|Any CPU
	EndGlobalSection
	GlobalSection(ProjectConfigurationPlatforms) = postSolution
		{06BFFE4D-63FE-4845-8098-F42B56E13772}.Debug|Any CPU.ActiveCfg = Debug|Any CPU
		{06BFFE4D-63FE-4845-8098-F42B56E13772}.Debug|Any CPU.Build.0 = Debug|Any CPU
		{06BFFE4D-63FE-4845-8098-F42B56E13772}.Release|Any CPU.ActiveCfg = Release|Any CPU
		{06BFFE4D-63FE-4845-8098-F42B56E13772}.Release|Any CPU.Build.0 = Release|Any CPU
	EndGlobalSection
	GlobalSection(SolutionProperties) = preSolution
		HideSolutionNode = FALSE
	EndGlobalSection
	GlobalSection(ExtensibilityGlobals) = postSolution
		SolutionGuid = {15C685B8-EEBD-4E48-99F2-65561C5222F5}
	EndGlobalSection
EndGlobal
